github.com/BurntSushi/toml v0.3.1/go.mod h1:xHWCNGjB5oqiDr8zfno3MHue2Ht5sIBksp03qcyfWMU=
github.com/joeshaw/carwings v0.0.0-20191118152321-61b46581307a h1:wOlcxK/k5rPhtMyEFVayqVh0x3lWvnyEaK8Aw96zx4M=
github.com/joeshaw/carwings v0.0.0-20191118152321-61b46581307a/go.mod h1:tB0OlpicmRVTL1Vksc5XRiYo+wkK2kl/GI7eGMIl6Rs=
github.com/peterbourgon/ff v1.2.0 h1:wGn2NwdHk8MTlRQpnXnO91UKegxt5DvlwR/bTK/L2hc=
github.com/peterbourgon/ff v1.2.0/go.mod h1:ljiF7yxtUvZaxUDyUqQa0+uiEOgwVboj+Q2S2+0nq40=
golang.org/x/crypto v0.0.0-20190308221718-c2843e01d9a2 h1:VklqNMn3ovrHsnt90PveolxSbWFaJdECFbxSq0Mqo2M=
golang.org/x/crypto v0.0.0-20190308221718-c2843e01d9a2/go.mod h1:djNgcEr1/C05ACkg1iLfiJU5Ep61QUkGW8qpdssI0+w=
golang.org/x/sys v0.0.0-20190215142949-d0b11bdaac8a/go.mod h1:STP8DvDyc/dI5b8T5hshtkjS+E42TnysNCUPdjciGhY=
